
Microsoft Visual Studio Solution File, Format Version 12.00
# Visual Studio Version 16
VisualStudioVersion = 16.0.32510.428
MinimumVisualStudioVersion = 10.0.40219.1
Project("{FAE04EC0-301F-11D3-BF4B-00C04F79EFBC}") = "AppBay", "AppBay\AppBay.csproj", "{80D79369-A6A0-4E6E-99FD-A324DDEF5F9C}"
EndProject
Global
	GlobalSection(SolutionConfigurationPlatforms) = preSolution
		Debug|Any CPU = Debug|Any CPU
		Release|Any CPU = Release|Any CPU
	EndGlobalSection
	GlobalSection(ProjectConfigurationPlatforms) = postSolution
		{80D79369-A6A0-4E6E-99FD-A324DDEF5F9C}.Debug|Any CPU.ActiveCfg = Debug|Any CPU
		{80D79369-A6A0-4E6E-99FD-A324DDEF5F9C}.Debug|Any CPU.Build.0 = Debug|Any CPU
		{80D79369-A6A0-4E6E-99FD-A324DDEF5F9C}.Release|Any CPU.ActiveCfg = Release|Any CPU
		{80D79369-A6A0-4E6E-99FD-A324DDEF5F9C}.Release|Any CPU.Build.0 = Release|Any CPU
	EndGlobalSection
	GlobalSection(SolutionProperties) = preSolution
		HideSolutionNode = FALSE
	EndGlobalSection
	GlobalSection(ExtensibilityGlobals) = postSolution
		SolutionGuid = {1E7F518D-6037-4706-ABBC-2C4A001A7140}
	EndGlobalSection
EndGlobal
